// !$*UTF8*$!
{
	archiveVersion = 1;
	classes = {
	};
	objectVersion = 46;
	objects = {

/* Begin PBXBuildFile section */
		A46B853C199D2EAB0014F127 /* main.swift in Sources */ = {isa = PBXBuildFile; fileRef = A46B853B199D2EAB0014F127 /* main.swift */; };
		A46B853E199D2EAB0014F127 /* AppDelegate.swift in Sources */ = {isa = PBXBuildFile; fileRef = A46B853D199D2EAB0014F127 /* AppDelegate.swift */; };
		A46B8540199D2EAB0014F127 /* Images.xcassets in Resources */ = {isa = PBXBuildFile; fileRef = A46B853F199D2EAB0014F127 /* Images.xcassets */; };
		A46B8543199D2EAB0014F127 /* MainMenu.xib in Resources */ = {isa = PBXBuildFile; fileRef = A46B8541199D2EAB0014F127 /* MainMenu.xib */; };
		A46B854F199D2EAB0014F127 /* Line_InsertionsTests.swift in Sources */ = {isa = PBXBuildFile; fileRef = A46B854E199D2EAB0014F127 /* Line_InsertionsTests.swift */; };
		A46B8559199D30F60014F127 /* MainViewController.swift in Sources */ = {isa = PBXBuildFile; fileRef = A46B8558199D30F60014F127 /* MainViewController.swift */; };
		A46B855B199D63590014F127 /* StringUtil.swift in Sources */ = {isa = PBXBuildFile; fileRef = A46B855A199D63590014F127 /* StringUtil.swift */; };
/* End PBXBuildFile section */

/* Begin PBXContainerItemProxy section */
		A46B8549199D2EAB0014F127 /* PBXContainerItemProxy */ = {
			isa = PBXContainerItemProxy;
			containerPortal = A46B852E199D2EAB0014F127 /* Project object */;
			proxyType = 1;
			remoteGlobalIDString = A46B8535199D2EAB0014F127;
			remoteInfo = "Line Insertions";
		};
/* End PBXContainerItemProxy section */

/* Begin PBXFileReference section */
		A46B8536199D2EAB0014F127 /* Line Insertions.app */ = {isa = PBXFileReference; explicitFileType = wrapper.application; includeInIndex = 0; path = "Line Insertions.app"; sourceTree = BUILT_PRODUCTS_DIR; };
		A46B853A199D2EAB0014F127 /* Info.plist */ = {isa = PBXFileReference; lastKnownFileType = text.plist.xml; path = Info.plist; sourceTree = "<group>"; };
		A46B853B199D2EAB0014F127 /* main.swift */ = {isa = PBXFileReference; lastKnownFileType = sourcecode.swift; path = main.swift; sourceTree = "<group>"; };
		A46B853D199D2EAB0014F127 /* AppDelegate.swift */ = {isa = PBXFileReference; lastKnownFileType = sourcecode.swift; path = AppDelegate.swift; sourceTree = "<group>"; };
		A46B853F199D2EAB0014F127 /* Images.xcassets */ = {isa = PBXFileReference; lastKnownFileType = folder.assetcatalog; path = Images.xcassets; sourceTree = "<group>"; };
		A46B8542199D2EAB0014F127 /* Base */ = {isa = PBXFileReference; lastKnownFileType = file.xib; name = Base; path = Base.lproj/MainMenu.xib; sourceTree = "<group>"; };
		A46B8548199D2EAB0014F127 /* Line InsertionsTests.xctest */ = {isa = PBXFileReference; explicitFileType = wrapper.cfbundle; includeInIndex = 0; path = "Line InsertionsTests.xctest"; sourceTree = BUILT_PRODUCTS_DIR; };
		A46B854D199D2EAB0014F127 /* Info.plist */ = {isa = PBXFileReference; lastKnownFileType = text.plist.xml; path = Info.plist; sourceTree = "<group>"; };
		A46B854E199D2EAB0014F127 /* Line_InsertionsTests.swift */ = {isa = PBXFileReference; lastKnownFileType = sourcecode.swift; path = Line_InsertionsTests.swift; sourceTree = "<group>"; };
		A46B8558199D30F60014F127 /* MainViewController.swift */ = {isa = PBXFileReference; fileEncoding = 4; lastKnownFileType = sourcecode.swift; path = MainViewController.swift; sourceTree = "<group>"; };
		A46B855A199D63590014F127 /* StringUtil.swift */ = {isa = PBXFileReference; fileEncoding = 4; lastKnownFileType = sourcecode.swift; name = StringUtil.swift; path = ../StringUtil.swift; sourceTree = "<group>"; };
/* End PBXFileReference section */

/* Begin PBXFrameworksBuildPhase section */
		A46B8533199D2EAB0014F127 /* Frameworks */ = {
			isa = PBXFrameworksBuildPhase;
			buildActionMask = 2147483647;
			files = (
			);
			runOnlyForDeploymentPostprocessing = 0;
		};
		A46B8545199D2EAB0014F127 /* Frameworks */ = {
			isa = PBXFrameworksBuildPhase;
			buildActionMask = 2147483647;
			files = (
			);
			runOnlyForDeploymentPostprocessing = 0;
		};
/* End PBXFrameworksBuildPhase section */

/* Begin PBXGroup section */
		A46B852D199D2EAB0014F127 = {
			isa = PBXGroup;
			children = (
				A46B8538199D2EAB0014F127 /* Line Insertions */,
				A46B854B199D2EAB0014F127 /* Line InsertionsTests */,
				A46B8537199D2EAB0014F127 /* Products */,
			);
			sourceTree = "<group>";
		};
		A46B8537199D2EAB0014F127 /* Products */ = {
			isa = PBXGroup;
			children = (
				A46B8536199D2EAB0014F127 /* Line Insertions.app */,
				A46B8548199D2EAB0014F127 /* Line InsertionsTests.xctest */,
			);
			name = Products;
			sourceTree = "<group>";
		};
		A46B8538199D2EAB0014F127 /* Line Insertions */ = {
			isa = PBXGroup;
			children = (
				A46B853D199D2EAB0014F127 /* AppDelegate.swift */,
				A46B853F199D2EAB0014F127 /* Images.xcassets */,
				A46B8541199D2EAB0014F127 /* MainMenu.xib */,
				A46B8558199D30F60014F127 /* MainViewController.swift */,
				A46B855A199D63590014F127 /* StringUtil.swift */,
				A46B8539199D2EAB0014F127 /* Supporting Files */,
			);
			path = "Line Insertions";
			sourceTree = "<group>";
		};
		A46B8539199D2EAB0014F127 /* Supporting Files */ = {
			isa = PBXGroup;
			children = (
				A46B853A199D2EAB0014F127 /* Info.plist */,
				A46B853B199D2EAB0014F127 /* main.swift */,
			);
			name = "Supporting Files";
			sourceTree = "<group>";
		};
		A46B854B199D2EAB0014F127 /* Line InsertionsTests */ = {
			isa = PBXGroup;
			children = (
				A46B854E199D2EAB0014F127 /* Line_InsertionsTests.swift */,
				A46B854C199D2EAB0014F127 /* Supporting Files */,
			);
			path = "Line InsertionsTests";
			sourceTree = "<group>";
		};
		A46B854C199D2EAB0014F127 /* Supporting Files */ = {
			isa = PBXGroup;
			children = (
				A46B854D199D2EAB0014F127 /* Info.plist */,
			);
			name = "Supporting Files";
			sourceTree = "<group>";
		};
/* End PBXGroup section */

/* Begin PBXNativeTarget section */
		A46B8535199D2EAB0014F127 /* Line Insertions */ = {
			isa = PBXNativeTarget;
			buildConfigurationList = A46B8552199D2EAB0014F127 /* Build configuration list for PBXNativeTarget "Line Insertions" */;
			buildPhases = (
				A46B8532199D2EAB0014F127 /* Sources */,
				A46B8533199D2EAB0014F127 /* Frameworks */,
				A46B8534199D2EAB0014F127 /* Resources */,
			);
			buildRules = (
			);
			dependencies = (
			);
			name = "Line Insertions";
			productName = "Line Insertions";
			productReference = A46B8536199D2EAB0014F127 /* Line Insertions.app */;
			productType = "com.apple.product-type.application";
		};
		A46B8547199D2EAB0014F127 /* Line InsertionsTests */ = {
			isa = PBXNativeTarget;
			buildConfigurationList = A46B8555199D2EAB0014F127 /* Build configuration list for PBXNativeTarget "Line InsertionsTests" */;
			buildPhases = (
				A46B8544199D2EAB0014F127 /* Sources */,
				A46B8545199D2EAB0014F127 /* Frameworks */,
				A46B8546199D2EAB0014F127 /* Resources */,
			);
			buildRules = (
			);
			dependencies = (
				A46B854A199D2EAB0014F127 /* PBXTargetDependency */,
			);
			name = "Line InsertionsTests";
			productName = "Line InsertionsTests";
			productReference = A46B8548199D2EAB0014F127 /* Line InsertionsTests.xctest */;
			productType = "com.apple.product-type.bundle.unit-test";
		};
/* End PBXNativeTarget section */

/* Begin PBXProject section */
		A46B852E199D2EAB0014F127 /* Project object */ = {
			isa = PBXProject;
			attributes = {
				LastUpgradeCheck = 0600;
				ORGANIZATIONNAME = TwoGuysBrickfilms;
				TargetAttributes = {
					A46B8535199D2EAB0014F127 = {
						CreatedOnToolsVersion = 6.0;
					};
					A46B8547199D2EAB0014F127 = {
						CreatedOnToolsVersion = 6.0;
						TestTargetID = A46B8535199D2EAB0014F127;
					};
				};
			};
			buildConfigurationList = A46B8531199D2EAB0014F127 /* Build configuration list for PBXProject "Line Insertions" */;
			compatibilityVersion = "Xcode 3.2";
			developmentRegion = English;
			hasScannedForEncodings = 0;
			knownRegions = (
				en,
				Base,
			);
			mainGroup = A46B852D199D2EAB0014F127;
			productRefGroup = A46B8537199D2EAB0014F127 /* Products */;
			projectDirPath = "";
			projectRoot = "";
			targets = (
				A46B8535199D2EAB0014F127 /* Line Insertions */,
				A46B8547199D2EAB0014F127 /* Line InsertionsTests */,
			);
		};
/* End PBXProject section */

/* Begin PBXResourcesBuildPhase section */
		A46B8534199D2EAB0014F127 /* Resources */ = {
			isa = PBXResourcesBuildPhase;
			buildActionMask = 2147483647;
			files = (
				A46B8540199D2EAB0014F127 /* Images.xcassets in Resources */,
				A46B8543199D2EAB0014F127 /* MainMenu.xib in Resources */,
			);
			runOnlyForDeploymentPostprocessing = 0;
		};
		A46B8546199D2EAB0014F127 /* Resources */ = {
			isa = PBXResourcesBuildPhase;
			buildActionMask = 2147483647;
			files = (
			);
			runOnlyForDeploymentPostprocessing = 0;
		};
/* End PBXResourcesBuildPhase section */

/* Begin PBXSourcesBuildPhase section */
		A46B8532199D2EAB0014F127 /* Sources */ = {
			isa = PBXSourcesBuildPhase;
			buildActionMask = 2147483647;
			files = (
				A46B855B199D63590014F127 /* StringUtil.swift in Sources */,
				A46B8559199D30F60014F127 /* MainViewController.swift in Sources */,
				A46B853E199D2EAB0014F127 /* AppDelegate.swift in Sources */,
				A46B853C199D2EAB0014F127 /* main.swift in Sources */,
			);
			runOnlyForDeploymentPostprocessing = 0;
		};
		A46B8544199D2EAB0014F127 /* Sources */ = {
			isa = PBXSourcesBuildPhase;
			buildActionMask = 2147483647;
			files = (
				A46B854F199D2EAB0014F127 /* Line_InsertionsTests.swift in Sources */,
			);
			runOnlyForDeploymentPostprocessing = 0;
		};
/* End PBXSourcesBuildPhase section */

/* Begin PBXTargetDependency section */
		A46B854A199D2EAB0014F127 /* PBXTargetDependency */ = {
			isa = PBXTargetDependency;
			target = A46B8535199D2EAB0014F127 /* Line Insertions */;
			targetProxy = A46B8549199D2EAB0014F127 /* PBXContainerItemProxy */;
		};
/* End PBXTargetDependency section */

/* Begin PBXVariantGroup section */
		A46B8541199D2EAB0014F127 /* MainMenu.xib */ = {
			isa = PBXVariantGroup;
			children = (
				A46B8542199D2EAB0014F127 /* Base */,
			);
			name = MainMenu.xib;
			sourceTree = "<group>";
		};
/* End PBXVariantGroup section */

/* Begin XCBuildConfiguration section */
		A46B8550199D2EAB0014F127 /* Debug */ = {
			isa = XCBuildConfiguration;
			buildSettings = {
				ALWAYS_SEARCH_USER_PATHS = NO;
				CLANG_CXX_LANGUAGE_STANDARD = "gnu++0x";
				CLANG_CXX_LIBRARY = "libc++";
				CLANG_ENABLE_MODULES = YES;
				CLANG_ENABLE_OBJC_ARC = YES;
				CLANG_WARN_BOOL_CONVERSION = YES;
				CLANG_WARN_CONSTANT_CONVERSION = YES;
				CLANG_WARN_DIRECT_OBJC_ISA_USAGE = YES_ERROR;
				CLANG_WARN_EMPTY_BODY = YES;
				CLANG_WARN_ENUM_CONVERSION = YES;
				CLANG_WARN_INT_CONVERSION = YES;
				CLANG_WARN_OBJC_ROOT_CLASS = YES_ERROR;
				CLANG_WARN_UNREACHABLE_CODE = YES;
				CLANG_WARN__DUPLICATE_METHOD_MATCH = YES;
				CODE_SIGN_IDENTITY = "-";
				COPY_PHASE_STRIP = NO;
				ENABLE_STRICT_OBJC_MSGSEND = YES;
				GCC_C_LANGUAGE_STANDARD = gnu99;
				GCC_DYNAMIC_NO_PIC = NO;
				GCC_OPTIMIZATION_LEVEL = 0;
				GCC_PREPROCESSOR_DEFINITIONS = (
					"DEBUG=1",
					"$(inherited)",
				);
				GCC_SYMBOLS_PRIVATE_EXTERN = NO;
				GCC_WARN_64_TO_32_BIT_CONVERSION = YES;
				GCC_WARN_ABOUT_RETURN_TYPE = YES_ERROR;
				GCC_WARN_UNDECLARED_SELECTOR = YES;
				GCC_WARN_UNINITIALIZED_AUTOS = YES_AGGRESSIVE;
				GCC_WARN_UNUSED_FUNCTION = YES;
				GCC_WARN_UNUSED_VARIABLE = YES;
				MACOSX_DEPLOYMENT_TARGET = 10.9;
				MTL_ENABLE_DEBUG_INFO = YES;
				ONLY_ACTIVE_ARCH = YES;
				SDKROOT = macosx;
				SWIFT_OPTIMIZATION_LEVEL = "-Onone";
			};
			name = Debug;
		};
		A46B8551199D2EAB0014F127 /* Release */ = {
			isa = XCBuildConfiguration;
			buildSettings = {
				ALWAYS_SEARCH_USER_PATHS = NO;
				CLANG_CXX_LANGUAGE_STANDARD = "gnu++0x";
				CLANG_CXX_LIBRARY = "libc++";
				CLANG_ENABLE_MODULES = YES;
				CLANG_ENABLE_OBJC_ARC = YES;
				CLANG_WARN_BOOL_CONVERSION = YES;
				CLANG_WARN_CONSTANT_CONVERSION = YES;
				CLANG_WARN_DIRECT_OBJC_ISA_USAGE = YES_ERROR;
				CLANG_WARN_EMPTY_BODY = YES;
				CLANG_WARN_ENUM_CONVERSION = YES;
				CLANG_WARN_INT_CONVERSION = YES;
				CLANG_WARN_OBJC_ROOT_CLASS = YES_ERROR;
				CLANG_WARN_UNREACHABLE_CODE = YES;
				CLANG_WARN__DUPLICATE_METHOD_MATCH = YES;
				CODE_SIGN_IDENTITY = "-";
				COPY_PHASE_STRIP = YES;
				DEBUG_INFORMATION_FORMAT = "dwarf-with-dsym";
				ENABLE_NS_ASSERTIONS = NO;
				ENABLE_STRICT_OBJC_MSGSEND = YES;
				GCC_C_LANGUAGE_STANDARD = gnu99;
				GCC_WARN_64_TO_32_BIT_CONVERSION = YES;
				GCC_WARN_ABOUT_RETURN_TYPE = YES_ERROR;
				GCC_WARN_UNDECLARED_SELECTOR = YES;
				GCC_WARN_UNINITIALIZED_AUTOS = YES_AGGRESSIVE;
				GCC_WARN_UNUSED_FUNCTION = YES;
				GCC_WARN_UNUSED_VARIABLE = YES;
				MACOSX_DEPLOYMENT_TARGET = 10.9;
				MTL_ENABLE_DEBUG_INFO = NO;
				SDKROOT = macosx;
			};
			name = Release;
		};
		A46B8553199D2EAB0014F127 /* Debug */ = {
			isa = XCBuildConfiguration;
			buildSettings = {
				ASSETCATALOG_COMPILER_APPICON_NAME = AppIcon;
				COMBINE_HIDPI_IMAGES = YES;
				INFOPLIST_FILE = "Line Insertions/Info.plist";
				LD_RUNPATH_SEARCH_PATHS = "$(inherited) @executable_path/../Frameworks";
				MACOSX_DEPLOYMENT_TARGET = 10.9;
				PRODUCT_NAME = "$(TARGET_NAME)";
			};
			name = Debug;
		};
		A46B8554199D2EAB0014F127 /* Release */ = {
			isa = XCBuildConfiguration;
			buildSettings = {
				ASSETCATALOG_COMPILER_APPICON_NAME = AppIcon;
				COMBINE_HIDPI_IMAGES = YES;
				INFOPLIST_FILE = "Line Insertions/Info.plist";
				LD_RUNPATH_SEARCH_PATHS = "$(inherited) @executable_path/../Frameworks";
				MACOSX_DEPLOYMENT_TARGET = 10.9;
				PRODUCT_NAME = "$(TARGET_NAME)";
			};
			name = Release;
		};
		A46B8556199D2EAB0014F127 /* Debug */ = {
			isa = XCBuildConfiguration;
			buildSettings = {
				BUNDLE_LOADER = "$(TEST_HOST)";
				COMBINE_HIDPI_IMAGES = YES;
				FRAMEWORK_SEARCH_PATHS = (
					"$(DEVELOPER_FRAMEWORKS_DIR)",
					"$(inherited)",
				);
				GCC_PREPROCESSOR_DEFINITIONS = (
					"DEBUG=1",
					"$(inherited)",
				);
				INFOPLIST_FILE = "Line InsertionsTests/Info.plist";
				LD_RUNPATH_SEARCH_PATHS = "$(inherited) @executable_path/../Frameworks @loader_path/../Frameworks";
				PRODUCT_NAME = "$(TARGET_NAME)";
				TEST_HOST = "$(BUILT_PRODUCTS_DIR)/Line Insertions.app/Contents/MacOS/Line Insertions";
			};
			name = Debug;
		};
		A46B8557199D2EAB0014F127 /* Release */ = {
			isa = XCBuildConfiguration;
			buildSettings = {
				BUNDLE_LOADER = "$(TEST_HOST)";
				COMBINE_HIDPI_IMAGES = YES;
				FRAMEWORK_SEARCH_PATHS = (
					"$(DEVELOPER_FRAMEWORKS_DIR)",
					"$(inherited)",
				);
				INFOPLIST_FILE = "Line InsertionsTests/Info.plist";
				LD_RUNPATH_SEARCH_PATHS = "$(inherited) @executable_path/../Frameworks @loader_path/../Frameworks";
				PRODUCT_NAME = "$(TARGET_NAME)";
				TEST_HOST = "$(BUILT_PRODUCTS_DIR)/Line Insertions.app/Contents/MacOS/Line Insertions";
			};
			name = Release;
		};
/* End XCBuildConfiguration section */

/* Begin XCConfigurationList section */
		A46B8531199D2EAB0014F127 /* Build configuration list for PBXProject "Line Insertions" */ = {
			isa = XCConfigurationList;
			buildConfigurations = (
				A46B8550199D2EAB0014F127 /* Debug */,
				A46B8551199D2EAB0014F127 /* Release */,
			);
			defaultConfigurationIsVisible = 0;
			defaultConfigurationName = Release;
		};
		A46B8552199D2EAB0014F127 /* Build configuration list for PBXNativeTarget "Line Insertions" */ = {
			isa = XCConfigurationList;
			buildConfigurations = (
				A46B8553199D2EAB0014F127 /* Debug */,
				A46B8554199D2EAB0014F127 /* Release */,
			);
			defaultConfigurationIsVisible = 0;
			defaultConfigurationName = Release;
		};
		A46B8555199D2EAB0014F127 /* Build configuration list for PBXNativeTarget "Line InsertionsTests" */ = {
			isa = XCConfigurationList;
			buildConfigurations = (
				A46B8556199D2EAB0014F127 /* Debug */,
				A46B8557199D2EAB0014F127 /* Release */,
			);
			defaultConfigurationIsVisible = 0;
			defaultConfigurationName = Release;
		};
/* End XCConfigurationList section */
	};
	rootObject = A46B852E199D2EAB0014F127 /* Project object */;
}
